
Microsoft Visual Studio Solution File, Format Version 12.00
# Visual Studio Version 16
VisualStudioVersion = 16.0.30804.86
MinimumVisualStudioVersion = 10.0.40219.1
Project("{FAE04EC0-301F-11D3-BF4B-00C04F79EFBC}") = "Craps", "Craps\Craps.csproj", "{C244995B-9C9A-42C3-AC9A-4C101DB01900}"
EndProject
Global
	GlobalSection(SolutionConfigurationPlatforms) = preSolution
		Debug|Any CPU = Debug|Any CPU
		Release|Any CPU = Release|Any CPU
	EndGlobalSection
	GlobalSection(ProjectConfigurationPlatforms) = postSolution
		{C244995B-9C9A-42C3-AC9A-4C101DB01900}.Debug|Any CPU.ActiveCfg = Debug|Any CPU
		{C244995B-9C9A-42C3-AC9A-4C101DB01900}.Debug|Any CPU.Build.0 = Debug|Any CPU
		{C244995B-9C9A-42C3-AC9A-4C101DB01900}.Release|Any CPU.ActiveCfg = Release|Any CPU
		{C244995B-9C9A-42C3-AC9A-4C101DB01900}.Release|Any CPU.Build.0 = Release|Any CPU
	EndGlobalSection
	GlobalSection(SolutionProperties) = preSolution
		HideSolutionNode = FALSE
	EndGlobalSection
	GlobalSection(ExtensibilityGlobals) = postSolution
		SolutionGuid = {2C172365-221C-4F64-94C6-E6094ED1FDAB}
	EndGlobalSection
EndGlobal
